
Microsoft Visual Studio Solution File, Format Version 12.00
# Visual Studio Version 16
VisualStudioVersion = 16.0.29123.88
MinimumVisualStudioVersion = 10.0.40219.1
Project("{FAE04EC0-301F-11D3-BF4B-00C04F79EFBC}") = "01_BasicInheritance", "01_BasicInheritance\01_BasicInheritance.csproj", "{3CA4B99A-AA24-43FB-A475-F37164C3B4D2}"
EndProject
Global
	GlobalSection(SolutionConfigurationPlatforms) = preSolution
		Debug|Any CPU = Debug|Any CPU
		Release|Any CPU = Release|Any CPU
	EndGlobalSection
	GlobalSection(ProjectConfigurationPlatforms) = postSolution
		{3CA4B99A-AA24-43FB-A475-F37164C3B4D2}.Debug|Any CPU.ActiveCfg = Debug|Any CPU
		{3CA4B99A-AA24-43FB-A475-F37164C3B4D2}.Debug|Any CPU.Build.0 = Debug|Any CPU
		{3CA4B99A-AA24-43FB-A475-F37164C3B4D2}.Release|Any CPU.ActiveCfg = Release|Any CPU
		{3CA4B99A-AA24-43FB-A475-F37164C3B4D2}.Release|Any CPU.Build.0 = Release|Any CPU
	EndGlobalSection
	GlobalSection(SolutionProperties) = preSolution
		HideSolutionNode = FALSE
	EndGlobalSection
	GlobalSection(ExtensibilityGlobals) = postSolution
		SolutionGuid = {1B6DBA42-FE09-4A4C-B9E3-D8222BB89723}
	EndGlobalSection
EndGlobal
